# Code generated by scarb DO NOT EDIT.
version = 1

[[package]]
name = "dojo"
version = "0.3.10"
source = "git+https://github.com/dojoengine/dojo?tag=v0.3.10#be1676252c41f8188465741edcbcb381d2c12080"
dependencies = [
 "dojo_plugin",
]

[[package]]
name = "dojo_plugin"
version = "0.3.10"

[[package]]
name = "new_game"
version = "0.0.1"
dependencies = [
 "pixelaw",
]

[[package]]
name = "pixelaw"
version = "0.1.0"
source = "git+https://github.com/pixelaw/game?branch=dev#523552c854c0f25bafe41ad12138410d3354169e"
dependencies = [
 "dojo",
]
