# Code generated by scarb DO NOT EDIT.
version = 1

[[package]]
name = "dojo"
version = "1.0.1"
source = "git+https://github.com/dojoengine/dojo?tag=v1.0.1#74280d48fa2828095331487dede59f9b2e378cd3"
dependencies = [
 "dojo_plugin",
]

[[package]]
name = "dojo_cairo_test"
version = "1.0.1-rc.0"
source = "git+https://github.com/dojoengine/dojo?tag=v1.0.1#74280d48fa2828095331487dede59f9b2e378cd3"
dependencies = [
 "dojo",
]

[[package]]
name = "dojo_plugin"
version = "2.8.4"
source = "git+https://github.com/dojoengine/dojo?tag=v1.0.1#74280d48fa2828095331487dede59f9b2e378cd3"

[[package]]
name = "myapp"
version = "0.0.0"
dependencies = [
 "dojo",
 "dojo_cairo_test",
 "pixelaw",
 "pixelaw_test_helpers",
]

[[package]]
name = "pixelaw"
version = "0.5.6"
source = "git+https://github.com/pixelaw/core?tag=v0.5.6#6e97722394753d0e8ff29a774d8a320a7431c52f"
dependencies = [
 "dojo",
]

[[package]]
name = "pixelaw_test_helpers"
version = "0.5.6"
source = "git+https://github.com/pixelaw/core?tag=v0.5.6#6e97722394753d0e8ff29a774d8a320a7431c52f"
dependencies = [
 "dojo",
 "dojo_cairo_test",
]
